
Microsoft Visual Studio Solution File, Format Version 12.00
Project("{FAE04EC0-301F-11D3-BF4B-00C04F79EFBC}") = "jimmy.Articles.API", "jimmy.Articles.API\jimmy.Articles.API.csproj", "{B8163BF4-9083-4B5D-A684-D9E121006581}"
EndProject
Global
	GlobalSection(SolutionConfigurationPlatforms) = preSolution
		Debug|Any CPU = Debug|Any CPU
		Release|Any CPU = Release|Any CPU
	EndGlobalSection
	GlobalSection(ProjectConfigurationPlatforms) = postSolution
		{B8163BF4-9083-4B5D-A684-D9E121006581}.Debug|Any CPU.ActiveCfg = Debug|Any CPU
		{B8163BF4-9083-4B5D-A684-D9E121006581}.Debug|Any CPU.Build.0 = Debug|Any CPU
		{B8163BF4-9083-4B5D-A684-D9E121006581}.Release|Any CPU.ActiveCfg = Release|Any CPU
		{B8163BF4-9083-4B5D-A684-D9E121006581}.Release|Any CPU.Build.0 = Release|Any CPU
	EndGlobalSection
EndGlobal
